// !$*UTF8*$!
{
	archiveVersion = 1;
	classes = {
	};
	objectVersion = 50;
	objects = {

/* Begin PBXBuildFile section */
		626CADFA2410F056000E0CA6 /* SwiftyLibKareem.framework in Frameworks */ = {isa = PBXBuildFile; fileRef = 626CADF02410F056000E0CA6 /* SwiftyLibKareem.framework */; };
		626CADFF2410F056000E0CA6 /* SwiftyLibKareemTests.swift in Sources */ = {isa = PBXBuildFile; fileRef = 626CADFE2410F056000E0CA6 /* SwiftyLibKareemTests.swift */; };
		626CAE012410F056000E0CA6 /* SwiftyLibKareem.h in Headers */ = {isa = PBXBuildFile; fileRef = 626CADF32410F056000E0CA6 /* SwiftyLibKareem.h */; settings = {ATTRIBUTES = (Public, ); }; };
		626CAE112410F55F000E0CA6 /* AppDelegate.swift in Sources */ = {isa = PBXBuildFile; fileRef = 626CAE102410F55F000E0CA6 /* AppDelegate.swift */; };
		626CAE132410F55F000E0CA6 /* SceneDelegate.swift in Sources */ = {isa = PBXBuildFile; fileRef = 626CAE122410F55F000E0CA6 /* SceneDelegate.swift */; };
		626CAE152410F55F000E0CA6 /* ContentView.swift in Sources */ = {isa = PBXBuildFile; fileRef = 626CAE142410F55F000E0CA6 /* ContentView.swift */; };
		626CAE172410F561000E0CA6 /* Assets.xcassets in Resources */ = {isa = PBXBuildFile; fileRef = 626CAE162410F561000E0CA6 /* Assets.xcassets */; };
		626CAE1A2410F561000E0CA6 /* Preview Assets.xcassets in Resources */ = {isa = PBXBuildFile; fileRef = 626CAE192410F561000E0CA6 /* Preview Assets.xcassets */; };
		626CAE1D2410F562000E0CA6 /* LaunchScreen.storyboard in Resources */ = {isa = PBXBuildFile; fileRef = 626CAE1B2410F561000E0CA6 /* LaunchScreen.storyboard */; };
		626CAE232410F6FA000E0CA6 /* SwiftyLibKareem.swift in Sources */ = {isa = PBXBuildFile; fileRef = 626CAE222410F6FA000E0CA6 /* SwiftyLibKareem.swift */; };
/* End PBXBuildFile section */

/* Begin PBXContainerItemProxy section */
		626CADFB2410F056000E0CA6 /* PBXContainerItemProxy */ = {
			isa = PBXContainerItemProxy;
			containerPortal = 626CADE72410F056000E0CA6 /* Project object */;
			proxyType = 1;
			remoteGlobalIDString = 626CADEF2410F056000E0CA6;
			remoteInfo = SwiftyLibKareem;
		};
/* End PBXContainerItemProxy section */

/* Begin PBXFileReference section */
		626CADF02410F056000E0CA6 /* SwiftyLibKareem.framework */ = {isa = PBXFileReference; explicitFileType = wrapper.framework; includeInIndex = 0; path = SwiftyLibKareem.framework; sourceTree = BUILT_PRODUCTS_DIR; };
		626CADF32410F056000E0CA6 /* SwiftyLibKareem.h */ = {isa = PBXFileReference; lastKnownFileType = sourcecode.c.h; path = SwiftyLibKareem.h; sourceTree = "<group>"; };
		626CADF42410F056000E0CA6 /* Info.plist */ = {isa = PBXFileReference; lastKnownFileType = text.plist.xml; path = Info.plist; sourceTree = "<group>"; };
		626CADF92410F056000E0CA6 /* SwiftyLibKareemTests.xctest */ = {isa = PBXFileReference; explicitFileType = wrapper.cfbundle; includeInIndex = 0; path = SwiftyLibKareemTests.xctest; sourceTree = BUILT_PRODUCTS_DIR; };
		626CADFE2410F056000E0CA6 /* SwiftyLibKareemTests.swift */ = {isa = PBXFileReference; lastKnownFileType = sourcecode.swift; path = SwiftyLibKareemTests.swift; sourceTree = "<group>"; };
		626CAE002410F056000E0CA6 /* Info.plist */ = {isa = PBXFileReference; lastKnownFileType = text.plist.xml; path = Info.plist; sourceTree = "<group>"; };
		626CAE0E2410F55F000E0CA6 /* SwiftyLibKareemExample.app */ = {isa = PBXFileReference; explicitFileType = wrapper.application; includeInIndex = 0; path = SwiftyLibKareemExample.app; sourceTree = BUILT_PRODUCTS_DIR; };
		626CAE102410F55F000E0CA6 /* AppDelegate.swift */ = {isa = PBXFileReference; lastKnownFileType = sourcecode.swift; path = AppDelegate.swift; sourceTree = "<group>"; };
		626CAE122410F55F000E0CA6 /* SceneDelegate.swift */ = {isa = PBXFileReference; lastKnownFileType = sourcecode.swift; path = SceneDelegate.swift; sourceTree = "<group>"; };
		626CAE142410F55F000E0CA6 /* ContentView.swift */ = {isa = PBXFileReference; lastKnownFileType = sourcecode.swift; path = ContentView.swift; sourceTree = "<group>"; };
		626CAE162410F561000E0CA6 /* Assets.xcassets */ = {isa = PBXFileReference; lastKnownFileType = folder.assetcatalog; path = Assets.xcassets; sourceTree = "<group>"; };
		626CAE192410F561000E0CA6 /* Preview Assets.xcassets */ = {isa = PBXFileReference; lastKnownFileType = folder.assetcatalog; path = "Preview Assets.xcassets"; sourceTree = "<group>"; };
		626CAE1C2410F561000E0CA6 /* Base */ = {isa = PBXFileReference; lastKnownFileType = file.storyboard; name = Base; path = Base.lproj/LaunchScreen.storyboard; sourceTree = "<group>"; };
		626CAE1E2410F562000E0CA6 /* Info.plist */ = {isa = PBXFileReference; lastKnownFileType = text.plist.xml; path = Info.plist; sourceTree = "<group>"; };
		626CAE222410F6FA000E0CA6 /* SwiftyLibKareem.swift */ = {isa = PBXFileReference; lastKnownFileType = sourcecode.swift; path = SwiftyLibKareem.swift; sourceTree = "<group>"; };
/* End PBXFileReference section */

/* Begin PBXFrameworksBuildPhase section */
		626CADED2410F056000E0CA6 /* Frameworks */ = {
			isa = PBXFrameworksBuildPhase;
			buildActionMask = 2147483647;
			files = (
			);
			runOnlyForDeploymentPostprocessing = 0;
		};
		626CADF62410F056000E0CA6 /* Frameworks */ = {
			isa = PBXFrameworksBuildPhase;
			buildActionMask = 2147483647;
			files = (
				626CADFA2410F056000E0CA6 /* SwiftyLibKareem.framework in Frameworks */,
			);
			runOnlyForDeploymentPostprocessing = 0;
		};
		626CAE0B2410F55F000E0CA6 /* Frameworks */ = {
			isa = PBXFrameworksBuildPhase;
			buildActionMask = 2147483647;
			files = (
			);
			runOnlyForDeploymentPostprocessing = 0;
		};
/* End PBXFrameworksBuildPhase section */

/* Begin PBXGroup section */
		626CADE62410F056000E0CA6 = {
			isa = PBXGroup;
			children = (
				626CADF22410F056000E0CA6 /* SwiftyLibKareem */,
				626CADFD2410F056000E0CA6 /* SwiftyLibKareemTests */,
				626CAE0F2410F55F000E0CA6 /* SwiftyLibKareemExample */,
				626CADF12410F056000E0CA6 /* Products */,
			);
			sourceTree = "<group>";
		};
		626CADF12410F056000E0CA6 /* Products */ = {
			isa = PBXGroup;
			children = (
				626CADF02410F056000E0CA6 /* SwiftyLibKareem.framework */,
				626CADF92410F056000E0CA6 /* SwiftyLibKareemTests.xctest */,
				626CAE0E2410F55F000E0CA6 /* SwiftyLibKareemExample.app */,
			);
			name = Products;
			sourceTree = "<group>";
		};
		626CADF22410F056000E0CA6 /* SwiftyLibKareem */ = {
			isa = PBXGroup;
			children = (
				626CADF32410F056000E0CA6 /* SwiftyLibKareem.h */,
				626CADF42410F056000E0CA6 /* Info.plist */,
				626CAE222410F6FA000E0CA6 /* SwiftyLibKareem.swift */,
			);
			path = SwiftyLibKareem;
			sourceTree = "<group>";
		};
		626CADFD2410F056000E0CA6 /* SwiftyLibKareemTests */ = {
			isa = PBXGroup;
			children = (
				626CADFE2410F056000E0CA6 /* SwiftyLibKareemTests.swift */,
				626CAE002410F056000E0CA6 /* Info.plist */,
			);
			path = SwiftyLibKareemTests;
			sourceTree = "<group>";
		};
		626CAE0F2410F55F000E0CA6 /* SwiftyLibKareemExample */ = {
			isa = PBXGroup;
			children = (
				626CAE102410F55F000E0CA6 /* AppDelegate.swift */,
				626CAE122410F55F000E0CA6 /* SceneDelegate.swift */,
				626CAE142410F55F000E0CA6 /* ContentView.swift */,
				626CAE162410F561000E0CA6 /* Assets.xcassets */,
				626CAE1B2410F561000E0CA6 /* LaunchScreen.storyboard */,
				626CAE1E2410F562000E0CA6 /* Info.plist */,
				626CAE182410F561000E0CA6 /* Preview Content */,
			);
			path = SwiftyLibKareemExample;
			sourceTree = "<group>";
		};
		626CAE182410F561000E0CA6 /* Preview Content */ = {
			isa = PBXGroup;
			children = (
				626CAE192410F561000E0CA6 /* Preview Assets.xcassets */,
			);
			path = "Preview Content";
			sourceTree = "<group>";
		};
/* End PBXGroup section */

/* Begin PBXHeadersBuildPhase section */
		626CADEB2410F056000E0CA6 /* Headers */ = {
			isa = PBXHeadersBuildPhase;
			buildActionMask = 2147483647;
			files = (
				626CAE012410F056000E0CA6 /* SwiftyLibKareem.h in Headers */,
			);
			runOnlyForDeploymentPostprocessing = 0;
		};
/* End PBXHeadersBuildPhase section */

/* Begin PBXNativeTarget section */
		626CADEF2410F056000E0CA6 /* SwiftyLibKareem */ = {
			isa = PBXNativeTarget;
			buildConfigurationList = 626CAE042410F056000E0CA6 /* Build configuration list for PBXNativeTarget "SwiftyLibKareem" */;
			buildPhases = (
				626CADEB2410F056000E0CA6 /* Headers */,
				626CADEC2410F056000E0CA6 /* Sources */,
				626CADED2410F056000E0CA6 /* Frameworks */,
				626CADEE2410F056000E0CA6 /* Resources */,
			);
			buildRules = (
			);
			dependencies = (
			);
			name = SwiftyLibKareem;
			productName = SwiftyLibKareem;
			productReference = 626CADF02410F056000E0CA6 /* SwiftyLibKareem.framework */;
			productType = "com.apple.product-type.framework";
		};
		626CADF82410F056000E0CA6 /* SwiftyLibKareemTests */ = {
			isa = PBXNativeTarget;
			buildConfigurationList = 626CAE072410F056000E0CA6 /* Build configuration list for PBXNativeTarget "SwiftyLibKareemTests" */;
			buildPhases = (
				626CADF52410F056000E0CA6 /* Sources */,
				626CADF62410F056000E0CA6 /* Frameworks */,
				626CADF72410F056000E0CA6 /* Resources */,
			);
			buildRules = (
			);
			dependencies = (
				626CADFC2410F056000E0CA6 /* PBXTargetDependency */,
			);
			name = SwiftyLibKareemTests;
			productName = SwiftyLibKareemTests;
			productReference = 626CADF92410F056000E0CA6 /* SwiftyLibKareemTests.xctest */;
			productType = "com.apple.product-type.bundle.unit-test";
		};
		626CAE0D2410F55F000E0CA6 /* SwiftyLibKareemExample */ = {
			isa = PBXNativeTarget;
			buildConfigurationList = 626CAE1F2410F562000E0CA6 /* Build configuration list for PBXNativeTarget "SwiftyLibKareemExample" */;
			buildPhases = (
				626CAE0A2410F55F000E0CA6 /* Sources */,
				626CAE0B2410F55F000E0CA6 /* Frameworks */,
				626CAE0C2410F55F000E0CA6 /* Resources */,
			);
			buildRules = (
			);
			dependencies = (
			);
			name = SwiftyLibKareemExample;
			productName = SwiftyLibKareemExample;
			productReference = 626CAE0E2410F55F000E0CA6 /* SwiftyLibKareemExample.app */;
			productType = "com.apple.product-type.application";
		};
/* End PBXNativeTarget section */

/* Begin PBXProject section */
		626CADE72410F056000E0CA6 /* Project object */ = {
			isa = PBXProject;
			attributes = {
				LastSwiftUpdateCheck = 1130;
				LastUpgradeCheck = 1130;
				ORGANIZATIONNAME = "Kareem Ahmed";
				TargetAttributes = {
					626CADEF2410F056000E0CA6 = {
						CreatedOnToolsVersion = 11.3.1;
						LastSwiftMigration = 1130;
					};
					626CADF82410F056000E0CA6 = {
						CreatedOnToolsVersion = 11.3.1;
					};
					626CAE0D2410F55F000E0CA6 = {
						CreatedOnToolsVersion = 11.3.1;
					};
				};
			};
			buildConfigurationList = 626CADEA2410F056000E0CA6 /* Build configuration list for PBXProject "SwiftyLibKareem" */;
			compatibilityVersion = "Xcode 9.3";
			developmentRegion = en;
			hasScannedForEncodings = 0;
			knownRegions = (
				en,
				Base,
			);
			mainGroup = 626CADE62410F056000E0CA6;
			productRefGroup = 626CADF12410F056000E0CA6 /* Products */;
			projectDirPath = "";
			projectRoot = "";
			targets = (
				626CADEF2410F056000E0CA6 /* SwiftyLibKareem */,
				626CADF82410F056000E0CA6 /* SwiftyLibKareemTests */,
				626CAE0D2410F55F000E0CA6 /* SwiftyLibKareemExample */,
			);
		};
/* End PBXProject section */

/* Begin PBXResourcesBuildPhase section */
		626CADEE2410F056000E0CA6 /* Resources */ = {
			isa = PBXResourcesBuildPhase;
			buildActionMask = 2147483647;
			files = (
			);
			runOnlyForDeploymentPostprocessing = 0;
		};
		626CADF72410F056000E0CA6 /* Resources */ = {
			isa = PBXResourcesBuildPhase;
			buildActionMask = 2147483647;
			files = (
			);
			runOnlyForDeploymentPostprocessing = 0;
		};
		626CAE0C2410F55F000E0CA6 /* Resources */ = {
			isa = PBXResourcesBuildPhase;
			buildActionMask = 2147483647;
			files = (
				626CAE1D2410F562000E0CA6 /* LaunchScreen.storyboard in Resources */,
				626CAE1A2410F561000E0CA6 /* Preview Assets.xcassets in Resources */,
				626CAE172410F561000E0CA6 /* Assets.xcassets in Resources */,
			);
			runOnlyForDeploymentPostprocessing = 0;
		};
/* End PBXResourcesBuildPhase section */

/* Begin PBXSourcesBuildPhase section */
		626CADEC2410F056000E0CA6 /* Sources */ = {
			isa = PBXSourcesBuildPhase;
			buildActionMask = 2147483647;
			files = (
				626CAE232410F6FA000E0CA6 /* SwiftyLibKareem.swift in Sources */,
			);
			runOnlyForDeploymentPostprocessing = 0;
		};
		626CADF52410F056000E0CA6 /* Sources */ = {
			isa = PBXSourcesBuildPhase;
			buildActionMask = 2147483647;
			files = (
				626CADFF2410F056000E0CA6 /* SwiftyLibKareemTests.swift in Sources */,
			);
			runOnlyForDeploymentPostprocessing = 0;
		};
		626CAE0A2410F55F000E0CA6 /* Sources */ = {
			isa = PBXSourcesBuildPhase;
			buildActionMask = 2147483647;
			files = (
				626CAE112410F55F000E0CA6 /* AppDelegate.swift in Sources */,
				626CAE132410F55F000E0CA6 /* SceneDelegate.swift in Sources */,
				626CAE152410F55F000E0CA6 /* ContentView.swift in Sources */,
			);
			runOnlyForDeploymentPostprocessing = 0;
		};
/* End PBXSourcesBuildPhase section */

/* Begin PBXTargetDependency section */
		626CADFC2410F056000E0CA6 /* PBXTargetDependency */ = {
			isa = PBXTargetDependency;
			target = 626CADEF2410F056000E0CA6 /* SwiftyLibKareem */;
			targetProxy = 626CADFB2410F056000E0CA6 /* PBXContainerItemProxy */;
		};
/* End PBXTargetDependency section */

/* Begin PBXVariantGroup section */
		626CAE1B2410F561000E0CA6 /* LaunchScreen.storyboard */ = {
			isa = PBXVariantGroup;
			children = (
				626CAE1C2410F561000E0CA6 /* Base */,
			);
			name = LaunchScreen.storyboard;
			sourceTree = "<group>";
		};
/* End PBXVariantGroup section */

/* Begin XCBuildConfiguration section */
		626CAE022410F056000E0CA6 /* Debug */ = {
			isa = XCBuildConfiguration;
			buildSettings = {
				ALWAYS_SEARCH_USER_PATHS = NO;
				CLANG_ANALYZER_NONNULL = YES;
				CLANG_ANALYZER_NUMBER_OBJECT_CONVERSION = YES_AGGRESSIVE;
				CLANG_CXX_LANGUAGE_STANDARD = "gnu++14";
				CLANG_CXX_LIBRARY = "libc++";
				CLANG_ENABLE_MODULES = YES;
				CLANG_ENABLE_OBJC_ARC = YES;
				CLANG_ENABLE_OBJC_WEAK = YES;
				CLANG_WARN_BLOCK_CAPTURE_AUTORELEASING = YES;
				CLANG_WARN_BOOL_CONVERSION = YES;
				CLANG_WARN_COMMA = YES;
				CLANG_WARN_CONSTANT_CONVERSION = YES;
				CLANG_WARN_DEPRECATED_OBJC_IMPLEMENTATIONS = YES;
				CLANG_WARN_DIRECT_OBJC_ISA_USAGE = YES_ERROR;
				CLANG_WARN_DOCUMENTATION_COMMENTS = YES;
				CLANG_WARN_EMPTY_BODY = YES;
				CLANG_WARN_ENUM_CONVERSION = YES;
				CLANG_WARN_INFINITE_RECURSION = YES;
				CLANG_WARN_INT_CONVERSION = YES;
				CLANG_WARN_NON_LITERAL_NULL_CONVERSION = YES;
				CLANG_WARN_OBJC_IMPLICIT_RETAIN_SELF = YES;
				CLANG_WARN_OBJC_LITERAL_CONVERSION = YES;
				CLANG_WARN_OBJC_ROOT_CLASS = YES_ERROR;
				CLANG_WARN_RANGE_LOOP_ANALYSIS = YES;
				CLANG_WARN_STRICT_PROTOTYPES = YES;
				CLANG_WARN_SUSPICIOUS_MOVE = YES;
				CLANG_WARN_UNGUARDED_AVAILABILITY = YES_AGGRESSIVE;
				CLANG_WARN_UNREACHABLE_CODE = YES;
				CLANG_WARN__DUPLICATE_METHOD_MATCH = YES;
				COPY_PHASE_STRIP = NO;
				CURRENT_PROJECT_VERSION = 1;
				DEBUG_INFORMATION_FORMAT = dwarf;
				ENABLE_STRICT_OBJC_MSGSEND = YES;
				ENABLE_TESTABILITY = YES;
				GCC_C_LANGUAGE_STANDARD = gnu11;
				GCC_DYNAMIC_NO_PIC = NO;
				GCC_NO_COMMON_BLOCKS = YES;
				GCC_OPTIMIZATION_LEVEL = 0;
				GCC_PREPROCESSOR_DEFINITIONS = (
					"DEBUG=1",
					"$(inherited)",
				);
				GCC_WARN_64_TO_32_BIT_CONVERSION = YES;
				GCC_WARN_ABOUT_RETURN_TYPE = YES_ERROR;
				GCC_WARN_UNDECLARED_SELECTOR = YES;
				GCC_WARN_UNINITIALIZED_AUTOS = YES_AGGRESSIVE;
				GCC_WARN_UNUSED_FUNCTION = YES;
				GCC_WARN_UNUSED_VARIABLE = YES;
				IPHONEOS_DEPLOYMENT_TARGET = 13.2;
				MTL_ENABLE_DEBUG_INFO = INCLUDE_SOURCE;
				MTL_FAST_MATH = YES;
				ONLY_ACTIVE_ARCH = YES;
				SDKROOT = iphoneos;
				SWIFT_ACTIVE_COMPILATION_CONDITIONS = DEBUG;
				SWIFT_OPTIMIZATION_LEVEL = "-Onone";
				VERSIONING_SYSTEM = "apple-generic";
				VERSION_INFO_PREFIX = "";
			};
			name = Debug;
		};
		626CAE032410F056000E0CA6 /* Release */ = {
			isa = XCBuildConfiguration;
			buildSettings = {
				ALWAYS_SEARCH_USER_PATHS = NO;
				CLANG_ANALYZER_NONNULL = YES;
				CLANG_ANALYZER_NUMBER_OBJECT_CONVERSION = YES_AGGRESSIVE;
				CLANG_CXX_LANGUAGE_STANDARD = "gnu++14";
				CLANG_CXX_LIBRARY = "libc++";
				CLANG_ENABLE_MODULES = YES;
				CLANG_ENABLE_OBJC_ARC = YES;
				CLANG_ENABLE_OBJC_WEAK = YES;
				CLANG_WARN_BLOCK_CAPTURE_AUTORELEASING = YES;
				CLANG_WARN_BOOL_CONVERSION = YES;
				CLANG_WARN_COMMA = YES;
				CLANG_WARN_CONSTANT_CONVERSION = YES;
				CLANG_WARN_DEPRECATED_OBJC_IMPLEMENTATIONS = YES;
				CLANG_WARN_DIRECT_OBJC_ISA_USAGE = YES_ERROR;
				CLANG_WARN_DOCUMENTATION_COMMENTS = YES;
				CLANG_WARN_EMPTY_BODY = YES;
				CLANG_WARN_ENUM_CONVERSION = YES;
				CLANG_WARN_INFINITE_RECURSION = YES;
				CLANG_WARN_INT_CONVERSION = YES;
				CLANG_WARN_NON_LITERAL_NULL_CONVERSION = YES;
				CLANG_WARN_OBJC_IMPLICIT_RETAIN_SELF = YES;
				CLANG_WARN_OBJC_LITERAL_CONVERSION = YES;
				CLANG_WARN_OBJC_ROOT_CLASS = YES_ERROR;
				CLANG_WARN_RANGE_LOOP_ANALYSIS = YES;
				CLANG_WARN_STRICT_PROTOTYPES = YES;
				CLANG_WARN_SUSPICIOUS_MOVE = YES;
				CLANG_WARN_UNGUARDED_AVAILABILITY = YES_AGGRESSIVE;
				CLANG_WARN_UNREACHABLE_CODE = YES;
				CLANG_WARN__DUPLICATE_METHOD_MATCH = YES;
				COPY_PHASE_STRIP = NO;
				CURRENT_PROJECT_VERSION = 1;
				DEBUG_INFORMATION_FORMAT = "dwarf-with-dsym";
				ENABLE_NS_ASSERTIONS = NO;
				ENABLE_STRICT_OBJC_MSGSEND = YES;
				GCC_C_LANGUAGE_STANDARD = gnu11;
				GCC_NO_COMMON_BLOCKS = YES;
				GCC_WARN_64_TO_32_BIT_CONVERSION = YES;
				GCC_WARN_ABOUT_RETURN_TYPE = YES_ERROR;
				GCC_WARN_UNDECLARED_SELECTOR = YES;
				GCC_WARN_UNINITIALIZED_AUTOS = YES_AGGRESSIVE;
				GCC_WARN_UNUSED_FUNCTION = YES;
				GCC_WARN_UNUSED_VARIABLE = YES;
				IPHONEOS_DEPLOYMENT_TARGET = 13.2;
				MTL_ENABLE_DEBUG_INFO = NO;
				MTL_FAST_MATH = YES;
				SDKROOT = iphoneos;
				SWIFT_COMPILATION_MODE = wholemodule;
				SWIFT_OPTIMIZATION_LEVEL = "-O";
				VALIDATE_PRODUCT = YES;
				VERSIONING_SYSTEM = "apple-generic";
				VERSION_INFO_PREFIX = "";
			};
			name = Release;
		};
		626CAE052410F056000E0CA6 /* Debug */ = {
			isa = XCBuildConfiguration;
			buildSettings = {
				CLANG_ENABLE_MODULES = YES;
				CODE_SIGN_STYLE = Automatic;
				DEFINES_MODULE = YES;
				DYLIB_COMPATIBILITY_VERSION = 1;
				DYLIB_CURRENT_VERSION = 1;
				DYLIB_INSTALL_NAME_BASE = "@rpath";
				INFOPLIST_FILE = SwiftyLibKareem/Info.plist;
				INSTALL_PATH = "$(LOCAL_LIBRARY_DIR)/Frameworks";
				LD_RUNPATH_SEARCH_PATHS = (
					"$(inherited)",
					"@executable_path/Frameworks",
					"@loader_path/Frameworks",
				);
				PRODUCT_BUNDLE_IDENTIFIER = TestingToken.SwiftyLibKareem;
				PRODUCT_NAME = "$(TARGET_NAME:c99extidentifier)";
				SKIP_INSTALL = YES;
				SWIFT_OPTIMIZATION_LEVEL = "-Onone";
				SWIFT_VERSION = 5.0;
				TARGETED_DEVICE_FAMILY = "1,2";
			};
			name = Debug;
		};
		626CAE062410F056000E0CA6 /* Release */ = {
			isa = XCBuildConfiguration;
			buildSettings = {
				CLANG_ENABLE_MODULES = YES;
				CODE_SIGN_STYLE = Automatic;
				DEFINES_MODULE = YES;
				DYLIB_COMPATIBILITY_VERSION = 1;
				DYLIB_CURRENT_VERSION = 1;
				DYLIB_INSTALL_NAME_BASE = "@rpath";
				INFOPLIST_FILE = SwiftyLibKareem/Info.plist;
				INSTALL_PATH = "$(LOCAL_LIBRARY_DIR)/Frameworks";
				LD_RUNPATH_SEARCH_PATHS = (
					"$(inherited)",
					"@executable_path/Frameworks",
					"@loader_path/Frameworks",
				);
				PRODUCT_BUNDLE_IDENTIFIER = TestingToken.SwiftyLibKareem;
				PRODUCT_NAME = "$(TARGET_NAME:c99extidentifier)";
				SKIP_INSTALL = YES;
				SWIFT_VERSION = 5.0;
				TARGETED_DEVICE_FAMILY = "1,2";
			};
			name = Release;
		};
		626CAE082410F056000E0CA6 /* Debug */ = {
			isa = XCBuildConfiguration;
			buildSettings = {
				ALWAYS_EMBED_SWIFT_STANDARD_LIBRARIES = YES;
				CODE_SIGN_STYLE = Automatic;
				INFOPLIST_FILE = SwiftyLibKareemTests/Info.plist;
				LD_RUNPATH_SEARCH_PATHS = (
					"$(inherited)",
					"@executable_path/Frameworks",
					"@loader_path/Frameworks",
				);
				PRODUCT_BUNDLE_IDENTIFIER = TestingToken.SwiftyLibKareemTests;
				PRODUCT_NAME = "$(TARGET_NAME)";
				SWIFT_VERSION = 5.0;
				TARGETED_DEVICE_FAMILY = "1,2";
			};
			name = Debug;
		};
		626CAE092410F056000E0CA6 /* Release */ = {
			isa = XCBuildConfiguration;
			buildSettings = {
				ALWAYS_EMBED_SWIFT_STANDARD_LIBRARIES = YES;
				CODE_SIGN_STYLE = Automatic;
				INFOPLIST_FILE = SwiftyLibKareemTests/Info.plist;
				LD_RUNPATH_SEARCH_PATHS = (
					"$(inherited)",
					"@executable_path/Frameworks",
					"@loader_path/Frameworks",
				);
				PRODUCT_BUNDLE_IDENTIFIER = TestingToken.SwiftyLibKareemTests;
				PRODUCT_NAME = "$(TARGET_NAME)";
				SWIFT_VERSION = 5.0;
				TARGETED_DEVICE_FAMILY = "1,2";
			};
			name = Release;
		};
		626CAE202410F562000E0CA6 /* Debug */ = {
			isa = XCBuildConfiguration;
			buildSettings = {
				ASSETCATALOG_COMPILER_APPICON_NAME = AppIcon;
				CODE_SIGN_STYLE = Automatic;
				DEVELOPMENT_ASSET_PATHS = "\"SwiftyLibKareemExample/Preview Content\"";
				ENABLE_PREVIEWS = YES;
				INFOPLIST_FILE = SwiftyLibKareemExample/Info.plist;
				LD_RUNPATH_SEARCH_PATHS = (
					"$(inherited)",
					"@executable_path/Frameworks",
				);
				PRODUCT_BUNDLE_IDENTIFIER = TestingToken.SwiftyLibKareemExample;
				PRODUCT_NAME = "$(TARGET_NAME)";
				SWIFT_VERSION = 5.0;
				TARGETED_DEVICE_FAMILY = "1,2";
			};
			name = Debug;
		};
		626CAE212410F562000E0CA6 /* Release */ = {
			isa = XCBuildConfiguration;
			buildSettings = {
				ASSETCATALOG_COMPILER_APPICON_NAME = AppIcon;
				CODE_SIGN_STYLE = Automatic;
				DEVELOPMENT_ASSET_PATHS = "\"SwiftyLibKareemExample/Preview Content\"";
				ENABLE_PREVIEWS = YES;
				INFOPLIST_FILE = SwiftyLibKareemExample/Info.plist;
				LD_RUNPATH_SEARCH_PATHS = (
					"$(inherited)",
					"@executable_path/Frameworks",
				);
				PRODUCT_BUNDLE_IDENTIFIER = TestingToken.SwiftyLibKareemExample;
				PRODUCT_NAME = "$(TARGET_NAME)";
				SWIFT_VERSION = 5.0;
				TARGETED_DEVICE_FAMILY = "1,2";
			};
			name = Release;
		};
/* End XCBuildConfiguration section */

/* Begin XCConfigurationList section */
		626CADEA2410F056000E0CA6 /* Build configuration list for PBXProject "SwiftyLibKareem" */ = {
			isa = XCConfigurationList;
			buildConfigurations = (
				626CAE022410F056000E0CA6 /* Debug */,
				626CAE032410F056000E0CA6 /* Release */,
			);
			defaultConfigurationIsVisible = 0;
			defaultConfigurationName = Release;
		};
		626CAE042410F056000E0CA6 /* Build configuration list for PBXNativeTarget "SwiftyLibKareem" */ = {
			isa = XCConfigurationList;
			buildConfigurations = (
				626CAE052410F056000E0CA6 /* Debug */,
				626CAE062410F056000E0CA6 /* Release */,
			);
			defaultConfigurationIsVisible = 0;
			defaultConfigurationName = Release;
		};
		626CAE072410F056000E0CA6 /* Build configuration list for PBXNativeTarget "SwiftyLibKareemTests" */ = {
			isa = XCConfigurationList;
			buildConfigurations = (
				626CAE082410F056000E0CA6 /* Debug */,
				626CAE092410F056000E0CA6 /* Release */,
			);
			defaultConfigurationIsVisible = 0;
			defaultConfigurationName = Release;
		};
		626CAE1F2410F562000E0CA6 /* Build configuration list for PBXNativeTarget "SwiftyLibKareemExample" */ = {
			isa = XCConfigurationList;
			buildConfigurations = (
				626CAE202410F562000E0CA6 /* Debug */,
				626CAE212410F562000E0CA6 /* Release */,
			);
			defaultConfigurationIsVisible = 0;
			defaultConfigurationName = Release;
		};
/* End XCConfigurationList section */
	};
	rootObject = 626CADE72410F056000E0CA6 /* Project object */;
}
